<?xml version="1.0" encoding="utf-8"?>
<Project ToolsVersion="4.0" xmlns="http://schemas.microsoft.com/developer/msbuild/2003">
  <ItemGroup>
    <Filter Include="Source Files">
      <UniqueIdentifier>{4FC737F1-C7A5-4376-A066-2A32D752A2FF}</UniqueIdentifier>
      <Extensions>cpp;c;cc;cxx;def;odl;idl;hpj;bat;asm;asmx</Extensions>
    </Filter>
    <Filter Include="Header Files">
      <UniqueIdentifier>{93995380-89BD-4b04-88EB-625FBE52EBFB}</UniqueIdentifier>
      <Extensions>h;hh;hpp;hxx;hm;inl;inc;ipp;xsd</Extensions>
    </Filter>
    <Filter Include="Resource Files">
      <UniqueIdentifier>{67DA6AB6-F800-4c08-8B7A-83BB121AAD01}</UniqueIdentifier>
      <Extensions>rc;ico;cur;bmp;dlg;rc2;rct;bin;rgs;gif;jpg;jpeg;jpe;resx;tiff;tif;png;wav;mfcribbon-ms</Extensions>
    </Filter>
  </ItemGroup>
  <ItemGroup>
    <ClInclude Include="HumanResources.h">
      <Filter>Header Files</Filter>
    </ClInclude>
    <ClInclude Include="stdafx.h">
      <Filter>Header Files</Filter>
    </ClInclude>
    <ClInclude Include="targetver.h">
      <Filter>Header Files</Filter>
    </ClInclude>
    <ClInclude Include="MainFrm.h">
      <Filter>Header Files</Filter>
    </ClInclude>
    <ClInclude Include="HumanResourcesDoc.h">
      <Filter>Header Files</Filter>
    </ClInclude>
    <ClInclude Include="HumanResourcesView.h">
      <Filter>Header Files</Filter>
    </ClInclude>
    <ClInclude Include="Resource.h">
      <Filter>Header Files</Filter>
    </ClInclude>
    <ClInclude Include="Structures.h">
      <Filter>Header Files</Filter>
    </ClInclude>
    <ClInclude Include="EmployeeDialog.h">
      <Filter>Header Files</Filter>
    </ClInclude>
    <ClInclude Include="EnumDialogMode.h">
      <Filter>Header Files</Filter>
    </ClInclude>
    <ClInclude Include="FilterDialog.h">
      <Filter>Header Files</Filter>
    </ClInclude>
    <ClInclude Include="SortListCtrl.h">
      <Filter>Header Files</Filter>
    </ClInclude>
    <ClInclude Include="MydateTimeCtrl.h">
      <Filter>Header Files</Filter>
    </ClInclude>
    <ClInclude Include="EmployeesViewOffTimeDlg.h">
      <Filter>Header Files</Filter>
    </ClInclude>
    <ClInclude Include="AddRestTimeDlg.h">
      <Filter>Header Files</Filter>
    </ClInclude>
    <ClInclude Include="EmployeesTable.h">
      <Filter>Header Files</Filter>
    </ClInclude>
    <ClInclude Include="EmployeesOffTable.h">
      <Filter>Header Files</Filter>
    </ClInclude>
    <ClInclude Include="NmTypeOfAbsenceTable.h">
      <Filter>Header Files</Filter>
    </ClInclude>
    <ClInclude Include="EducationDlg.h">
      <Filter>Header Files</Filter>
    </ClInclude>
    <ClInclude Include="EmployeesWorkTable.h">
      <Filter>Header Files</Filter>
    </ClInclude>
    <ClInclude Include="EmployeesEducationTable.h">
      <Filter>Header Files</Filter>
    </ClInclude>
    <ClInclude Include="TabsDlg.h">
      <Filter>Header Files</Filter>
    </ClInclude>
    <ClInclude Include="WorkDlg.h">
      <Filter>Header Files</Filter>
    </ClInclude>
    <ClInclude Include="AddWork.h">
      <Filter>Header Files</Filter>
    </ClInclude>
    <ClInclude Include="NmTypeOfEducationTable.h">
      <Filter>Header Files</Filter>
    </ClInclude>
    <ClInclude Include="AddEmploymentType.h">
      <Filter>Header Files</Filter>
    </ClInclude>
    <ClInclude Include="AddEducationType.h">
      <Filter>Header Files</Filter>
    </ClInclude>
    <ClInclude Include="EducationTypes.h">
      <Filter>Header Files</Filter>
    </ClInclude>
    <ClInclude Include="AddEducationDlg.h">
      <Filter>Header Files</Filter>
    </ClInclude>
    <ClInclude Include="MyTabDialog.h">
      <Filter>Header Files</Filter>
    </ClInclude>
    <ClInclude Include="MyTables.h">
      <Filter>Header Files</Filter>
    </ClInclude>
    <ClInclude Include="MissingEmployeesDlg.h">
      <Filter>Header Files</Filter>
    </ClInclude>
    <ClInclude Include="MissingEmployeesTable.h">
      <Filter>Header Files</Filter>
    </ClInclude>
    <ClInclude Include="NmTypeOfDepartment.h">
      <Filter>Header Files</Filter>
    </ClInclude>
    <ClInclude Include="NmTypeOfPosition.h">
      <Filter>Header Files</Filter>
    </ClInclude>
    <ClInclude Include="EmploymentDlg.h">
      <Filter>Header Files</Filter>
    </ClInclude>
    <ClInclude Include="DepartmentDlg.h">
      <Filter>Header Files</Filter>
    </ClInclude>
    <ClInclude Include="PositionDlg.h">
      <Filter>Header Files</Filter>
    </ClInclude>
    <ClInclude Include="AddDepartmentTypes.h">
      <Filter>Header Files</Filter>
    </ClInclude>
    <ClInclude Include="AddPositionTypes.h">
      <Filter>Header Files</Filter>
    </ClInclude>
    <ClInclude Include="AddAbsencesTypes.h">
      <Filter>Header Files</Filter>
    </ClInclude>
    <ClInclude Include="AddAbsencesDlg.h">
      <Filter>Header Files</Filter>
    </ClInclude>
    <ClInclude Include="ViMissingEmployeesTable.h">
      <Filter>Header Files</Filter>
    </ClInclude>
    <ClInclude Include="MissingEmployeesDatesPickerDialog.h">
      <Filter>Header Files</Filter>
    </ClInclude>
    <ClInclude Include="NmTypeOfEmploymentTable.h">
      <Filter>Header Files</Filter>
    </ClInclude>
  </ItemGroup>
  <ItemGroup>
    <ClCompile Include="HumanResources.cpp">
      <Filter>Source Files</Filter>
    </ClCompile>
    <ClCompile Include="stdafx.cpp">
      <Filter>Source Files</Filter>
    </ClCompile>
    <ClCompile Include="MainFrm.cpp">
      <Filter>Source Files</Filter>
    </ClCompile>
    <ClCompile Include="HumanResourcesDoc.cpp">
      <Filter>Source Files</Filter>
    </ClCompile>
    <ClCompile Include="HumanResourcesView.cpp">
      <Filter>Source Files</Filter>
    </ClCompile>
    <ClCompile Include="EmployeeDialog.cpp">
      <Filter>Source Files</Filter>
    </ClCompile>
    <ClCompile Include="FilterDialog.cpp">
      <Filter>Source Files</Filter>
    </ClCompile>
    <ClCompile Include="SortListCtrl.cpp">
      <Filter>Source Files</Filter>
    </ClCompile>
    <ClCompile Include="MydateTimeCtrl.cpp">
      <Filter>Source Files</Filter>
    </ClCompile>
    <ClCompile Include="EmployeesViewOffTimeDlg.cpp">
      <Filter>Source Files</Filter>
    </ClCompile>
    <ClCompile Include="AddRestTimeDlg.cpp">
      <Filter>Source Files</Filter>
    </ClCompile>
    <ClCompile Include="EmployeesTable.cpp">
      <Filter>Source Files</Filter>
    </ClCompile>
    <ClCompile Include="EmployeesOffTable.cpp">
      <Filter>Source Files</Filter>
    </ClCompile>
    <ClCompile Include="NmTypeOfAbsenceTable.cpp">
      <Filter>Source Files</Filter>
    </ClCompile>
    <ClCompile Include="EducationDlg.cpp">
      <Filter>Source Files</Filter>
    </ClCompile>
    <ClCompile Include="EmployeesWorkTable.cpp">
      <Filter>Source Files</Filter>
    </ClCompile>
    <ClCompile Include="EmployeesEducationTable.cpp">
      <Filter>Source Files</Filter>
    </ClCompile>
    <ClCompile Include="TabsDlg.cpp">
      <Filter>Source Files</Filter>
    </ClCompile>
    <ClCompile Include="WorkDlg.cpp">
      <Filter>Source Files</Filter>
    </ClCompile>
    <ClCompile Include="AddWork.cpp">
      <Filter>Source Files</Filter>
    </ClCompile>
    <ClCompile Include="NmTypeOfEducationTable.cpp">
      <Filter>Source Files</Filter>
    </ClCompile>
    <ClCompile Include="NmTypeOfEmploymentTable.cpp">
      <Filter>Source Files</Filter>
    </ClCompile>
    <ClCompile Include="AddEmploymentType.cpp">
      <Filter>Source Files</Filter>
    </ClCompile>
    <ClCompile Include="AddEducationType.cpp">
      <Filter>Source Files</Filter>
    </ClCompile>
    <ClCompile Include="EducationTypes.cpp">
      <Filter>Source Files</Filter>
    </ClCompile>
    <ClCompile Include="AddEducationDlg.cpp">
      <Filter>Source Files</Filter>
    </ClCompile>
    <ClCompile Include="MissingEmployeesDlg.cpp">
      <Filter>Source Files</Filter>
    </ClCompile>
    <ClCompile Include="NmTypeOfDepartment.cpp">
      <Filter>Source Files</Filter>
    </ClCompile>
    <ClCompile Include="NmTypeOfPosition.cpp">
      <Filter>Source Files</Filter>
    </ClCompile>
    <ClCompile Include="EmploymentDlg.cpp">
      <Filter>Source Files</Filter>
    </ClCompile>
    <ClCompile Include="DepartmentDlg.cpp">
      <Filter>Source Files</Filter>
    </ClCompile>
    <ClCompile Include="PositionDlg.cpp">
      <Filter>Source Files</Filter>
    </ClCompile>
    <ClCompile Include="AddDepartmentTypes.cpp">
      <Filter>Source Files</Filter>
    </ClCompile>
    <ClCompile Include="AddPositionTypes.cpp">
      <Filter>Source Files</Filter>
    </ClCompile>
    <ClCompile Include="AddAbsencesTypes.cpp">
      <Filter>Source Files</Filter>
    </ClCompile>
    <ClCompile Include="AddAbsencesDlg.cpp">
      <Filter>Source Files</Filter>
    </ClCompile>
    <ClCompile Include="ViMissingEmployeesTable.cpp">
      <Filter>Source Files</Filter>
    </ClCompile>
    <ClCompile Include="MissingEmployeesDatesPickerDialog.cpp">
      <Filter>Source Files</Filter>
    </ClCompile>
  </ItemGroup>
  <ItemGroup>
    <ResourceCompile Include="HumanResources.rc">
      <Filter>Resource Files</Filter>
    </ResourceCompile>
  </ItemGroup>
  <ItemGroup>
    <Image Include="res\userimages.bmp">
      <Filter>Resource Files</Filter>
    </Image>
    <Image Include="res\HumanResourcesDoc.ico">
      <Filter>Resource Files</Filter>
    </Image>
    <Image Include="res\HumanResources.ico">
      <Filter>Resource Files</Filter>
    </Image>
    <Image Include="res\Toolbar.bmp">
      <Filter>Resource Files</Filter>
    </Image>
    <Image Include="res\Toolbar256.bmp">
      <Filter>Resource Files</Filter>
    </Image>
  </ItemGroup>
  <ItemGroup>
    <None Include="res\HumanResources.rc2">
      <Filter>Resource Files</Filter>
    </None>
    <None Include="resource.hm">
      <Filter>Header Files</Filter>
    </None>
  </ItemGroup>
</Project>